// !$*UTF8*$!
{
	archiveVersion = 1;
	classes = {
	};
	objectVersion = 50;
	objects = {

/* Begin PBXBuildFile section */
		ECC6546324D1F1A300BBDFF4 /* AppDelegate.swift in Sources */ = {isa = PBXBuildFile; fileRef = ECC6546224D1F1A300BBDFF4 /* AppDelegate.swift */; };
		ECC6546524D1F1A300BBDFF4 /* SceneDelegate.swift in Sources */ = {isa = PBXBuildFile; fileRef = ECC6546424D1F1A300BBDFF4 /* SceneDelegate.swift */; };
		ECC6546724D1F1A300BBDFF4 /* WeatherViewController.swift in Sources */ = {isa = PBXBuildFile; fileRef = ECC6546624D1F1A300BBDFF4 /* WeatherViewController.swift */; };
		ECC6546A24D1F1A300BBDFF4 /* Main.storyboard in Resources */ = {isa = PBXBuildFile; fileRef = ECC6546824D1F1A300BBDFF4 /* Main.storyboard */; };
		ECC6546C24D1F1A700BBDFF4 /* Assets.xcassets in Resources */ = {isa = PBXBuildFile; fileRef = ECC6546B24D1F1A700BBDFF4 /* Assets.xcassets */; };
		ECC6546F24D1F1A700BBDFF4 /* LaunchScreen.storyboard in Resources */ = {isa = PBXBuildFile; fileRef = ECC6546D24D1F1A700BBDFF4 /* LaunchScreen.storyboard */; };
		ECD1A42224D20D6A00676AD0 /* WeatherManager.swift in Sources */ = {isa = PBXBuildFile; fileRef = ECD1A42124D20D6A00676AD0 /* WeatherManager.swift */; };
		ECD1A42524D2223700676AD0 /* WeatherData.swift in Sources */ = {isa = PBXBuildFile; fileRef = ECD1A42424D2223700676AD0 /* WeatherData.swift */; };
		ECD1A42724D22F1300676AD0 /* WeatherModel.swift in Sources */ = {isa = PBXBuildFile; fileRef = ECD1A42624D22F1300676AD0 /* WeatherModel.swift */; };
/* End PBXBuildFile section */

/* Begin PBXFileReference section */
		ECC6545F24D1F1A300BBDFF4 /* WeatherApp.app */ = {isa = PBXFileReference; explicitFileType = wrapper.application; includeInIndex = 0; path = WeatherApp.app; sourceTree = BUILT_PRODUCTS_DIR; };
		ECC6546224D1F1A300BBDFF4 /* AppDelegate.swift */ = {isa = PBXFileReference; lastKnownFileType = sourcecode.swift; path = AppDelegate.swift; sourceTree = "<group>"; };
		ECC6546424D1F1A300BBDFF4 /* SceneDelegate.swift */ = {isa = PBXFileReference; lastKnownFileType = sourcecode.swift; path = SceneDelegate.swift; sourceTree = "<group>"; };
		ECC6546624D1F1A300BBDFF4 /* WeatherViewController.swift */ = {isa = PBXFileReference; lastKnownFileType = sourcecode.swift; path = WeatherViewController.swift; sourceTree = "<group>"; };
		ECC6546924D1F1A300BBDFF4 /* Base */ = {isa = PBXFileReference; lastKnownFileType = file.storyboard; name = Base; path = Base.lproj/Main.storyboard; sourceTree = "<group>"; };
		ECC6546B24D1F1A700BBDFF4 /* Assets.xcassets */ = {isa = PBXFileReference; lastKnownFileType = folder.assetcatalog; path = Assets.xcassets; sourceTree = "<group>"; };
		ECC6546E24D1F1A700BBDFF4 /* Base */ = {isa = PBXFileReference; lastKnownFileType = file.storyboard; name = Base; path = Base.lproj/LaunchScreen.storyboard; sourceTree = "<group>"; };
		ECC6547024D1F1A700BBDFF4 /* Info.plist */ = {isa = PBXFileReference; lastKnownFileType = text.plist.xml; path = Info.plist; sourceTree = "<group>"; };
		ECD1A42124D20D6A00676AD0 /* WeatherManager.swift */ = {isa = PBXFileReference; lastKnownFileType = sourcecode.swift; path = WeatherManager.swift; sourceTree = "<group>"; };
		ECD1A42424D2223700676AD0 /* WeatherData.swift */ = {isa = PBXFileReference; lastKnownFileType = sourcecode.swift; path = WeatherData.swift; sourceTree = "<group>"; };
		ECD1A42624D22F1300676AD0 /* WeatherModel.swift */ = {isa = PBXFileReference; lastKnownFileType = sourcecode.swift; path = WeatherModel.swift; sourceTree = "<group>"; };
/* End PBXFileReference section */

/* Begin PBXFrameworksBuildPhase section */
		ECC6545C24D1F1A300BBDFF4 /* Frameworks */ = {
			isa = PBXFrameworksBuildPhase;
			buildActionMask = 2147483647;
			files = (
			);
			runOnlyForDeploymentPostprocessing = 0;
		};
/* End PBXFrameworksBuildPhase section */

/* Begin PBXGroup section */
		ECC6545624D1F1A300BBDFF4 = {
			isa = PBXGroup;
			children = (
				ECC6546124D1F1A300BBDFF4 /* WeatherApp */,
				ECC6546024D1F1A300BBDFF4 /* Products */,
			);
			sourceTree = "<group>";
		};
		ECC6546024D1F1A300BBDFF4 /* Products */ = {
			isa = PBXGroup;
			children = (
				ECC6545F24D1F1A300BBDFF4 /* WeatherApp.app */,
			);
			name = Products;
			sourceTree = "<group>";
		};
		ECC6546124D1F1A300BBDFF4 /* WeatherApp */ = {
			isa = PBXGroup;
			children = (
				ECC6546224D1F1A300BBDFF4 /* AppDelegate.swift */,
				ECC6546424D1F1A300BBDFF4 /* SceneDelegate.swift */,
				ECC6546B24D1F1A700BBDFF4 /* Assets.xcassets */,
				ECC6547024D1F1A700BBDFF4 /* Info.plist */,
				ECD1A42324D20D7500676AD0 /* Model */,
				ECC6547724D1F64100BBDFF4 /* Views */,
				ECC6547624D1F63900BBDFF4 /* Controllers */,
			);
			path = WeatherApp;
			sourceTree = "<group>";
		};
		ECC6547624D1F63900BBDFF4 /* Controllers */ = {
			isa = PBXGroup;
			children = (
				ECC6546624D1F1A300BBDFF4 /* WeatherViewController.swift */,
			);
			path = Controllers;
			sourceTree = "<group>";
		};
		ECC6547724D1F64100BBDFF4 /* Views */ = {
			isa = PBXGroup;
			children = (
				ECC6546D24D1F1A700BBDFF4 /* LaunchScreen.storyboard */,
				ECC6546824D1F1A300BBDFF4 /* Main.storyboard */,
			);
			path = Views;
			sourceTree = "<group>";
		};
		ECD1A42324D20D7500676AD0 /* Model */ = {
			isa = PBXGroup;
			children = (
				ECD1A42124D20D6A00676AD0 /* WeatherManager.swift */,
				ECD1A42424D2223700676AD0 /* WeatherData.swift */,
				ECD1A42624D22F1300676AD0 /* WeatherModel.swift */,
			);
			path = Model;
			sourceTree = "<group>";
		};
/* End PBXGroup section */

/* Begin PBXNativeTarget section */
		ECC6545E24D1F1A300BBDFF4 /* WeatherApp */ = {
			isa = PBXNativeTarget;
			buildConfigurationList = ECC6547324D1F1A700BBDFF4 /* Build configuration list for PBXNativeTarget "WeatherApp" */;
			buildPhases = (
				ECC6545B24D1F1A300BBDFF4 /* Sources */,
				ECC6545C24D1F1A300BBDFF4 /* Frameworks */,
				ECC6545D24D1F1A300BBDFF4 /* Resources */,
			);
			buildRules = (
			);
			dependencies = (
			);
			name = WeatherApp;
			productName = WeatherApp;
			productReference = ECC6545F24D1F1A300BBDFF4 /* WeatherApp.app */;
			productType = "com.apple.product-type.application";
		};
/* End PBXNativeTarget section */

/* Begin PBXProject section */
		ECC6545724D1F1A300BBDFF4 /* Project object */ = {
			isa = PBXProject;
			attributes = {
				LastSwiftUpdateCheck = 1160;
				LastUpgradeCheck = 1160;
				ORGANIZATIONNAME = Adithep;
				TargetAttributes = {
					ECC6545E24D1F1A300BBDFF4 = {
						CreatedOnToolsVersion = 11.6;
					};
				};
			};
			buildConfigurationList = ECC6545A24D1F1A300BBDFF4 /* Build configuration list for PBXProject "WeatherApp" */;
			compatibilityVersion = "Xcode 9.3";
			developmentRegion = en;
			hasScannedForEncodings = 0;
			knownRegions = (
				en,
				Base,
			);
			mainGroup = ECC6545624D1F1A300BBDFF4;
			productRefGroup = ECC6546024D1F1A300BBDFF4 /* Products */;
			projectDirPath = "";
			projectRoot = "";
			targets = (
				ECC6545E24D1F1A300BBDFF4 /* WeatherApp */,
			);
		};
/* End PBXProject section */

/* Begin PBXResourcesBuildPhase section */
		ECC6545D24D1F1A300BBDFF4 /* Resources */ = {
			isa = PBXResourcesBuildPhase;
			buildActionMask = 2147483647;
			files = (
				ECC6546F24D1F1A700BBDFF4 /* LaunchScreen.storyboard in Resources */,
				ECC6546C24D1F1A700BBDFF4 /* Assets.xcassets in Resources */,
				ECC6546A24D1F1A300BBDFF4 /* Main.storyboard in Resources */,
			);
			runOnlyForDeploymentPostprocessing = 0;
		};
/* End PBXResourcesBuildPhase section */

/* Begin PBXSourcesBuildPhase section */
		ECC6545B24D1F1A300BBDFF4 /* Sources */ = {
			isa = PBXSourcesBuildPhase;
			buildActionMask = 2147483647;
			files = (
				ECC6546724D1F1A300BBDFF4 /* WeatherViewController.swift in Sources */,
				ECD1A42524D2223700676AD0 /* WeatherData.swift in Sources */,
				ECC6546324D1F1A300BBDFF4 /* AppDelegate.swift in Sources */,
				ECD1A42224D20D6A00676AD0 /* WeatherManager.swift in Sources */,
				ECD1A42724D22F1300676AD0 /* WeatherModel.swift in Sources */,
				ECC6546524D1F1A300BBDFF4 /* SceneDelegate.swift in Sources */,
			);
			runOnlyForDeploymentPostprocessing = 0;
		};
/* End PBXSourcesBuildPhase section */

/* Begin PBXVariantGroup section */
		ECC6546824D1F1A300BBDFF4 /* Main.storyboard */ = {
			isa = PBXVariantGroup;
			children = (
				ECC6546924D1F1A300BBDFF4 /* Base */,
			);
			name = Main.storyboard;
			sourceTree = "<group>";
		};
		ECC6546D24D1F1A700BBDFF4 /* LaunchScreen.storyboard */ = {
			isa = PBXVariantGroup;
			children = (
				ECC6546E24D1F1A700BBDFF4 /* Base */,
			);
			name = LaunchScreen.storyboard;
			sourceTree = "<group>";
		};
/* End PBXVariantGroup section */

/* Begin XCBuildConfiguration section */
		ECC6547124D1F1A700BBDFF4 /* Debug */ = {
			isa = XCBuildConfiguration;
			buildSettings = {
				ALWAYS_SEARCH_USER_PATHS = NO;
				CLANG_ANALYZER_NONNULL = YES;
				CLANG_ANALYZER_NUMBER_OBJECT_CONVERSION = YES_AGGRESSIVE;
				CLANG_CXX_LANGUAGE_STANDARD = "gnu++14";
				CLANG_CXX_LIBRARY = "libc++";
				CLANG_ENABLE_MODULES = YES;
				CLANG_ENABLE_OBJC_ARC = YES;
				CLANG_ENABLE_OBJC_WEAK = YES;
				CLANG_WARN_BLOCK_CAPTURE_AUTORELEASING = YES;
				CLANG_WARN_BOOL_CONVERSION = YES;
				CLANG_WARN_COMMA = YES;
				CLANG_WARN_CONSTANT_CONVERSION = YES;
				CLANG_WARN_DEPRECATED_OBJC_IMPLEMENTATIONS = YES;
				CLANG_WARN_DIRECT_OBJC_ISA_USAGE = YES_ERROR;
				CLANG_WARN_DOCUMENTATION_COMMENTS = YES;
				CLANG_WARN_EMPTY_BODY = YES;
				CLANG_WARN_ENUM_CONVERSION = YES;
				CLANG_WARN_INFINITE_RECURSION = YES;
				CLANG_WARN_INT_CONVERSION = YES;
				CLANG_WARN_NON_LITERAL_NULL_CONVERSION = YES;
				CLANG_WARN_OBJC_IMPLICIT_RETAIN_SELF = YES;
				CLANG_WARN_OBJC_LITERAL_CONVERSION = YES;
				CLANG_WARN_OBJC_ROOT_CLASS = YES_ERROR;
				CLANG_WARN_RANGE_LOOP_ANALYSIS = YES;
				CLANG_WARN_STRICT_PROTOTYPES = YES;
				CLANG_WARN_SUSPICIOUS_MOVE = YES;
				CLANG_WARN_UNGUARDED_AVAILABILITY = YES_AGGRESSIVE;
				CLANG_WARN_UNREACHABLE_CODE = YES;
				CLANG_WARN__DUPLICATE_METHOD_MATCH = YES;
				COPY_PHASE_STRIP = NO;
				DEBUG_INFORMATION_FORMAT = dwarf;
				ENABLE_STRICT_OBJC_MSGSEND = YES;
				ENABLE_TESTABILITY = YES;
				GCC_C_LANGUAGE_STANDARD = gnu11;
				GCC_DYNAMIC_NO_PIC = NO;
				GCC_NO_COMMON_BLOCKS = YES;
				GCC_OPTIMIZATION_LEVEL = 0;
				GCC_PREPROCESSOR_DEFINITIONS = (
					"DEBUG=1",
					"$(inherited)",
				);
				GCC_WARN_64_TO_32_BIT_CONVERSION = YES;
				GCC_WARN_ABOUT_RETURN_TYPE = YES_ERROR;
				GCC_WARN_UNDECLARED_SELECTOR = YES;
				GCC_WARN_UNINITIALIZED_AUTOS = YES_AGGRESSIVE;
				GCC_WARN_UNUSED_FUNCTION = YES;
				GCC_WARN_UNUSED_VARIABLE = YES;
				IPHONEOS_DEPLOYMENT_TARGET = 13.6;
				MTL_ENABLE_DEBUG_INFO = INCLUDE_SOURCE;
				MTL_FAST_MATH = YES;
				ONLY_ACTIVE_ARCH = YES;
				SDKROOT = iphoneos;
				SWIFT_ACTIVE_COMPILATION_CONDITIONS = DEBUG;
				SWIFT_OPTIMIZATION_LEVEL = "-Onone";
			};
			name = Debug;
		};
		ECC6547224D1F1A700BBDFF4 /* Release */ = {
			isa = XCBuildConfiguration;
			buildSettings = {
				ALWAYS_SEARCH_USER_PATHS = NO;
				CLANG_ANALYZER_NONNULL = YES;
				CLANG_ANALYZER_NUMBER_OBJECT_CONVERSION = YES_AGGRESSIVE;
				CLANG_CXX_LANGUAGE_STANDARD = "gnu++14";
				CLANG_CXX_LIBRARY = "libc++";
				CLANG_ENABLE_MODULES = YES;
				CLANG_ENABLE_OBJC_ARC = YES;
				CLANG_ENABLE_OBJC_WEAK = YES;
				CLANG_WARN_BLOCK_CAPTURE_AUTORELEASING = YES;
				CLANG_WARN_BOOL_CONVERSION = YES;
				CLANG_WARN_COMMA = YES;
				CLANG_WARN_CONSTANT_CONVERSION = YES;
				CLANG_WARN_DEPRECATED_OBJC_IMPLEMENTATIONS = YES;
				CLANG_WARN_DIRECT_OBJC_ISA_USAGE = YES_ERROR;
				CLANG_WARN_DOCUMENTATION_COMMENTS = YES;
				CLANG_WARN_EMPTY_BODY = YES;
				CLANG_WARN_ENUM_CONVERSION = YES;
				CLANG_WARN_INFINITE_RECURSION = YES;
				CLANG_WARN_INT_CONVERSION = YES;
				CLANG_WARN_NON_LITERAL_NULL_CONVERSION = YES;
				CLANG_WARN_OBJC_IMPLICIT_RETAIN_SELF = YES;
				CLANG_WARN_OBJC_LITERAL_CONVERSION = YES;
				CLANG_WARN_OBJC_ROOT_CLASS = YES_ERROR;
				CLANG_WARN_RANGE_LOOP_ANALYSIS = YES;
				CLANG_WARN_STRICT_PROTOTYPES = YES;
				CLANG_WARN_SUSPICIOUS_MOVE = YES;
				CLANG_WARN_UNGUARDED_AVAILABILITY = YES_AGGRESSIVE;
				CLANG_WARN_UNREACHABLE_CODE = YES;
				CLANG_WARN__DUPLICATE_METHOD_MATCH = YES;
				COPY_PHASE_STRIP = NO;
				DEBUG_INFORMATION_FORMAT = "dwarf-with-dsym";
				ENABLE_NS_ASSERTIONS = NO;
				ENABLE_STRICT_OBJC_MSGSEND = YES;
				GCC_C_LANGUAGE_STANDARD = gnu11;
				GCC_NO_COMMON_BLOCKS = YES;
				GCC_WARN_64_TO_32_BIT_CONVERSION = YES;
				GCC_WARN_ABOUT_RETURN_TYPE = YES_ERROR;
				GCC_WARN_UNDECLARED_SELECTOR = YES;
				GCC_WARN_UNINITIALIZED_AUTOS = YES_AGGRESSIVE;
				GCC_WARN_UNUSED_FUNCTION = YES;
				GCC_WARN_UNUSED_VARIABLE = YES;
				IPHONEOS_DEPLOYMENT_TARGET = 13.6;
				MTL_ENABLE_DEBUG_INFO = NO;
				MTL_FAST_MATH = YES;
				SDKROOT = iphoneos;
				SWIFT_COMPILATION_MODE = wholemodule;
				SWIFT_OPTIMIZATION_LEVEL = "-O";
				VALIDATE_PRODUCT = YES;
			};
			name = Release;
		};
		ECC6547424D1F1A700BBDFF4 /* Debug */ = {
			isa = XCBuildConfiguration;
			buildSettings = {
				ASSETCATALOG_COMPILER_APPICON_NAME = AppIcon;
				CODE_SIGN_STYLE = Automatic;
				DEVELOPMENT_TEAM = F9SX4DBXL5;
				INFOPLIST_FILE = WeatherApp/Info.plist;
				LD_RUNPATH_SEARCH_PATHS = (
					"$(inherited)",
					"@executable_path/Frameworks",
				);
				PRODUCT_BUNDLE_IDENTIFIER = Jungjaluenchisuk.WeatherApp;
				PRODUCT_NAME = "$(TARGET_NAME)";
				SWIFT_VERSION = 5.0;
				TARGETED_DEVICE_FAMILY = "1,2";
			};
			name = Debug;
		};
		ECC6547524D1F1A700BBDFF4 /* Release */ = {
			isa = XCBuildConfiguration;
			buildSettings = {
				ASSETCATALOG_COMPILER_APPICON_NAME = AppIcon;
				CODE_SIGN_STYLE = Automatic;
				DEVELOPMENT_TEAM = F9SX4DBXL5;
				INFOPLIST_FILE = WeatherApp/Info.plist;
				LD_RUNPATH_SEARCH_PATHS = (
					"$(inherited)",
					"@executable_path/Frameworks",
				);
				PRODUCT_BUNDLE_IDENTIFIER = Jungjaluenchisuk.WeatherApp;
				PRODUCT_NAME = "$(TARGET_NAME)";
				SWIFT_VERSION = 5.0;
				TARGETED_DEVICE_FAMILY = "1,2";
			};
			name = Release;
		};
/* End XCBuildConfiguration section */

/* Begin XCConfigurationList section */
		ECC6545A24D1F1A300BBDFF4 /* Build configuration list for PBXProject "WeatherApp" */ = {
			isa = XCConfigurationList;
			buildConfigurations = (
				ECC6547124D1F1A700BBDFF4 /* Debug */,
				ECC6547224D1F1A700BBDFF4 /* Release */,
			);
			defaultConfigurationIsVisible = 0;
			defaultConfigurationName = Release;
		};
		ECC6547324D1F1A700BBDFF4 /* Build configuration list for PBXNativeTarget "WeatherApp" */ = {
			isa = XCConfigurationList;
			buildConfigurations = (
				ECC6547424D1F1A700BBDFF4 /* Debug */,
				ECC6547524D1F1A700BBDFF4 /* Release */,
			);
			defaultConfigurationIsVisible = 0;
			defaultConfigurationName = Release;
		};
/* End XCConfigurationList section */
	};
	rootObject = ECC6545724D1F1A300BBDFF4 /* Project object */;
}
